// !$*UTF8*$!
{
	archiveVersion = 1;
	classes = {
	};
	objectVersion = 46;
	objects = {

/* Begin PBXBuildFile section */
		A76CC6721F4E7648000615A4 /* BottomView.m in Sources */ = {isa = PBXBuildFile; fileRef = A76CC6711F4E7648000615A4 /* BottomView.m */; };
		A76CC6751F4E7653000615A4 /* MidView.m in Sources */ = {isa = PBXBuildFile; fileRef = A76CC6731F4E7653000615A4 /* MidView.m */; };
		A76CC67B1F4E772C000615A4 /* SCIconView.m in Sources */ = {isa = PBXBuildFile; fileRef = A76CC67A1F4E772C000615A4 /* SCIconView.m */; };
		A76CC6801F4E7737000615A4 /* SCLrcTableView.m in Sources */ = {isa = PBXBuildFile; fileRef = A76CC67D1F4E7737000615A4 /* SCLrcTableView.m */; };
		A76CC6811F4E7737000615A4 /* SCLrcTableViewCell.m in Sources */ = {isa = PBXBuildFile; fileRef = A76CC67E1F4E7737000615A4 /* SCLrcTableViewCell.m */; };
		A76CC6851F4E9B35000615A4 /* TopView.m in Sources */ = {isa = PBXBuildFile; fileRef = A76CC6841F4E9B35000615A4 /* TopView.m */; };
		A76CC6871F4EAEE4000615A4 /* 309769.lrc in Resources */ = {isa = PBXBuildFile; fileRef = A76CC6861F4EAEE4000615A4 /* 309769.lrc */; };
		A776282D1F4C4A2500A84CD1 /* DetailPlayControlView.m in Sources */ = {isa = PBXBuildFile; fileRef = A776282C1F4C4A2500A84CD1 /* DetailPlayControlView.m */; };
		A7E87DDD1F46C083003EA789 /* main.m in Sources */ = {isa = PBXBuildFile; fileRef = A7E87DDC1F46C083003EA789 /* main.m */; };
		A7E87DE01F46C083003EA789 /* AppDelegate.m in Sources */ = {isa = PBXBuildFile; fileRef = A7E87DDF1F46C083003EA789 /* AppDelegate.m */; };
		A7E87DE31F46C083003EA789 /* ViewController.m in Sources */ = {isa = PBXBuildFile; fileRef = A7E87DE21F46C083003EA789 /* ViewController.m */; };
		A7E87DE61F46C083003EA789 /* Main.storyboard in Resources */ = {isa = PBXBuildFile; fileRef = A7E87DE41F46C083003EA789 /* Main.storyboard */; };
		A7E87DE81F46C083003EA789 /* Assets.xcassets in Resources */ = {isa = PBXBuildFile; fileRef = A7E87DE71F46C083003EA789 /* Assets.xcassets */; };
		A7E87DEB1F46C083003EA789 /* LaunchScreen.storyboard in Resources */ = {isa = PBXBuildFile; fileRef = A7E87DE91F46C083003EA789 /* LaunchScreen.storyboard */; };
		A7E87E811F46C1BC003EA789 /* AFHTTPRequestOperation.m in Sources */ = {isa = PBXBuildFile; fileRef = A7E87E571F46C1BC003EA789 /* AFHTTPRequestOperation.m */; };
		A7E87E821F46C1BC003EA789 /* AFHTTPRequestOperationManager.m in Sources */ = {isa = PBXBuildFile; fileRef = A7E87E591F46C1BC003EA789 /* AFHTTPRequestOperationManager.m */; };
		A7E87E831F46C1BC003EA789 /* AFHTTPSessionManager.m in Sources */ = {isa = PBXBuildFile; fileRef = A7E87E5B1F46C1BC003EA789 /* AFHTTPSessionManager.m */; };
		A7E87E841F46C1BC003EA789 /* AFNetworkReachabilityManager.m in Sources */ = {isa = PBXBuildFile; fileRef = A7E87E5E1F46C1BC003EA789 /* AFNetworkReachabilityManager.m */; };
		A7E87E851F46C1BC003EA789 /* AFSecurityPolicy.m in Sources */ = {isa = PBXBuildFile; fileRef = A7E87E601F46C1BC003EA789 /* AFSecurityPolicy.m */; };
		A7E87E861F46C1BC003EA789 /* AFURLConnectionOperation.m in Sources */ = {isa = PBXBuildFile; fileRef = A7E87E621F46C1BC003EA789 /* AFURLConnectionOperation.m */; };
		A7E87E871F46C1BC003EA789 /* AFURLRequestSerialization.m in Sources */ = {isa = PBXBuildFile; fileRef = A7E87E641F46C1BC003EA789 /* AFURLRequestSerialization.m */; };
		A7E87E881F46C1BC003EA789 /* AFURLResponseSerialization.m in Sources */ = {isa = PBXBuildFile; fileRef = A7E87E661F46C1BC003EA789 /* AFURLResponseSerialization.m */; };
		A7E87E891F46C1BC003EA789 /* AFURLSessionManager.m in Sources */ = {isa = PBXBuildFile; fileRef = A7E87E681F46C1BC003EA789 /* AFURLSessionManager.m */; };
		A7E87ED01F46C299003EA789 /* MJExtensionConst.m in Sources */ = {isa = PBXBuildFile; fileRef = A7E87EBC1F46C299003EA789 /* MJExtensionConst.m */; };
		A7E87ED11F46C299003EA789 /* MJFoundation.m in Sources */ = {isa = PBXBuildFile; fileRef = A7E87EBE1F46C299003EA789 /* MJFoundation.m */; };
		A7E87ED21F46C299003EA789 /* MJProperty.m in Sources */ = {isa = PBXBuildFile; fileRef = A7E87EC01F46C299003EA789 /* MJProperty.m */; };
		A7E87ED31F46C299003EA789 /* MJPropertyKey.m in Sources */ = {isa = PBXBuildFile; fileRef = A7E87EC21F46C299003EA789 /* MJPropertyKey.m */; };
		A7E87ED41F46C299003EA789 /* MJPropertyType.m in Sources */ = {isa = PBXBuildFile; fileRef = A7E87EC41F46C299003EA789 /* MJPropertyType.m */; };
		A7E87ED51F46C299003EA789 /* NSObject+MJClass.m in Sources */ = {isa = PBXBuildFile; fileRef = A7E87EC61F46C299003EA789 /* NSObject+MJClass.m */; };
		A7E87ED61F46C299003EA789 /* NSObject+MJCoding.m in Sources */ = {isa = PBXBuildFile; fileRef = A7E87EC81F46C299003EA789 /* NSObject+MJCoding.m */; };
		A7E87ED71F46C299003EA789 /* NSObject+MJKeyValue.m in Sources */ = {isa = PBXBuildFile; fileRef = A7E87ECA1F46C299003EA789 /* NSObject+MJKeyValue.m */; };
		A7E87ED81F46C299003EA789 /* NSObject+MJProperty.m in Sources */ = {isa = PBXBuildFile; fileRef = A7E87ECC1F46C299003EA789 /* NSObject+MJProperty.m */; };
		A7E87ED91F46C299003EA789 /* NSString+MJExtension.m in Sources */ = {isa = PBXBuildFile; fileRef = A7E87ECE1F46C299003EA789 /* NSString+MJExtension.m */; };
		A7E87EDC1F46C454003EA789 /* OMHotSongInfo.m in Sources */ = {isa = PBXBuildFile; fileRef = A7E87EDB1F46C454003EA789 /* OMHotSongInfo.m */; };
		A7E88B521F483B39003EA789 /* NavigationViewController.m in Sources */ = {isa = PBXBuildFile; fileRef = A7E88B511F483B39003EA789 /* NavigationViewController.m */; };
		A7E88B791F483D6C003EA789 /* Helper.m in Sources */ = {isa = PBXBuildFile; fileRef = A7E88B551F483D6C003EA789 /* Helper.m */; };
		A7E88B7A1F483D6C003EA789 /* LICENSE in Resources */ = {isa = PBXBuildFile; fileRef = A7E88B571F483D6C003EA789 /* LICENSE */; };
		A7E88B7B1F483D6C003EA789 /* MASCompositeConstraint.m in Sources */ = {isa = PBXBuildFile; fileRef = A7E88B5A1F483D6C003EA789 /* MASCompositeConstraint.m */; };
		A7E88B7C1F483D6C003EA789 /* MASConstraint.m in Sources */ = {isa = PBXBuildFile; fileRef = A7E88B5D1F483D6C003EA789 /* MASConstraint.m */; };
		A7E88B7D1F483D6C003EA789 /* MASConstraintMaker.m in Sources */ = {isa = PBXBuildFile; fileRef = A7E88B5F1F483D6C003EA789 /* MASConstraintMaker.m */; };
		A7E88B7E1F483D6C003EA789 /* MASLayoutConstraint.m in Sources */ = {isa = PBXBuildFile; fileRef = A7E88B611F483D6C003EA789 /* MASLayoutConstraint.m */; };
		A7E88B7F1F483D6C003EA789 /* MASViewAttribute.m in Sources */ = {isa = PBXBuildFile; fileRef = A7E88B651F483D6C003EA789 /* MASViewAttribute.m */; };
		A7E88B801F483D6D003EA789 /* MASViewConstraint.m in Sources */ = {isa = PBXBuildFile; fileRef = A7E88B671F483D6C003EA789 /* MASViewConstraint.m */; };
		A7E88B811F483D6D003EA789 /* NSArray+MASAdditions.m in Sources */ = {isa = PBXBuildFile; fileRef = A7E88B691F483D6C003EA789 /* NSArray+MASAdditions.m */; };
		A7E88B821F483D6D003EA789 /* NSLayoutConstraint+MASDebugAdditions.m in Sources */ = {isa = PBXBuildFile; fileRef = A7E88B6C1F483D6C003EA789 /* NSLayoutConstraint+MASDebugAdditions.m */; };
		A7E88B831F483D6D003EA789 /* View+MASAdditions.m in Sources */ = {isa = PBXBuildFile; fileRef = A7E88B6E1F483D6C003EA789 /* View+MASAdditions.m */; };
		A7E88B841F483D6D003EA789 /* ViewController+MASAdditions.m in Sources */ = {isa = PBXBuildFile; fileRef = A7E88B711F483D6C003EA789 /* ViewController+MASAdditions.m */; };
		A7E88B851F483D6D003EA789 /* README.md in Sources */ = {isa = PBXBuildFile; fileRef = A7E88B721F483D6C003EA789 /* README.md */; };
		A7E88B861F483D6D003EA789 /* QJBigScrollView.m in Sources */ = {isa = PBXBuildFile; fileRef = A7E88B741F483D6C003EA789 /* QJBigScrollView.m */; };
		A7E88B871F483D6D003EA789 /* QJsampleView.m in Sources */ = {isa = PBXBuildFile; fileRef = A7E88B761F483D6C003EA789 /* QJsampleView.m */; };
		A7E88B881F483D6D003EA789 /* QJSlideButtonView.m in Sources */ = {isa = PBXBuildFile; fileRef = A7E88B781F483D6C003EA789 /* QJSlideButtonView.m */; };
		A7E88B9C1F494A55003EA789 /* OMAlbumInfo.m in Sources */ = {isa = PBXBuildFile; fileRef = A7E88B981F494A55003EA789 /* OMAlbumInfo.m */; };
		A7E88B9D1F494A55003EA789 /* OMArtistInfo.m in Sources */ = {isa = PBXBuildFile; fileRef = A7E88B9A1F494A55003EA789 /* OMArtistInfo.m */; };
		A7E88BA31F4A79A3003EA789 /* OMSongInfo.m in Sources */ = {isa = PBXBuildFile; fileRef = A7E88BA21F4A79A3003EA789 /* OMSongInfo.m */; };
		A7E88BA61F4ABAE1003EA789 /* MusicPlayerManager.m in Sources */ = {isa = PBXBuildFile; fileRef = A7E88BA51F4ABAE1003EA789 /* MusicPlayerManager.m */; };
		A7EB964B1F4BCD050055284C /* wslAnalyzer.m in Sources */ = {isa = PBXBuildFile; fileRef = A7EB96481F4BCD050055284C /* wslAnalyzer.m */; };
		A7EB964C1F4BCD050055284C /* wslLrcEach.m in Sources */ = {isa = PBXBuildFile; fileRef = A7EB964A1F4BCD050055284C /* wslLrcEach.m */; };
		A7EB965A1F4BE4E20055284C /* SCImageView.m in Sources */ = {isa = PBXBuildFile; fileRef = A7EB96591F4BE4E20055284C /* SCImageView.m */; };
/* End PBXBuildFile section */

/* Begin PBXCopyFilesBuildPhase section */
		A7E88AC31F46E5E1003EA789 /* Embed Frameworks */ = {
			isa = PBXCopyFilesBuildPhase;
			buildActionMask = 2147483647;
			dstPath = "";
			dstSubfolderSpec = 10;
			files = (
			);
			name = "Embed Frameworks";
			runOnlyForDeploymentPostprocessing = 0;
		};
/* End PBXCopyFilesBuildPhase section */

/* Begin PBXFileReference section */
		A76CC6701F4E7648000615A4 /* BottomView.h */ = {isa = PBXFileReference; fileEncoding = 4; lastKnownFileType = sourcecode.c.h; path = BottomView.h; sourceTree = "<group>"; };
		A76CC6711F4E7648000615A4 /* BottomView.m */ = {isa = PBXFileReference; fileEncoding = 4; lastKnownFileType = sourcecode.c.objc; path = BottomView.m; sourceTree = "<group>"; };
		A76CC6731F4E7653000615A4 /* MidView.m */ = {isa = PBXFileReference; fileEncoding = 4; lastKnownFileType = sourcecode.c.objc; path = MidView.m; sourceTree = "<group>"; };
		A76CC6741F4E7653000615A4 /* MidView.h */ = {isa = PBXFileReference; fileEncoding = 4; lastKnownFileType = sourcecode.c.h; path = MidView.h; sourceTree = "<group>"; };
		A76CC6791F4E772C000615A4 /* SCIconView.h */ = {isa = PBXFileReference; fileEncoding = 4; lastKnownFileType = sourcecode.c.h; path = SCIconView.h; sourceTree = "<group>"; };
		A76CC67A1F4E772C000615A4 /* SCIconView.m */ = {isa = PBXFileReference; fileEncoding = 4; lastKnownFileType = sourcecode.c.objc; path = SCIconView.m; sourceTree = "<group>"; };
		A76CC67C1F4E7737000615A4 /* SCLrcTableView.h */ = {isa = PBXFileReference; fileEncoding = 4; lastKnownFileType = sourcecode.c.h; path = SCLrcTableView.h; sourceTree = "<group>"; };
		A76CC67D1F4E7737000615A4 /* SCLrcTableView.m */ = {isa = PBXFileReference; fileEncoding = 4; lastKnownFileType = sourcecode.c.objc; path = SCLrcTableView.m; sourceTree = "<group>"; };
		A76CC67E1F4E7737000615A4 /* SCLrcTableViewCell.m */ = {isa = PBXFileReference; fileEncoding = 4; lastKnownFileType = sourcecode.c.objc; path = SCLrcTableViewCell.m; sourceTree = "<group>"; };
		A76CC67F1F4E7737000615A4 /* SCLrcTableViewCell.h */ = {isa = PBXFileReference; fileEncoding = 4; lastKnownFileType = sourcecode.c.h; path = SCLrcTableViewCell.h; sourceTree = "<group>"; };
		A76CC6831F4E9B35000615A4 /* TopView.h */ = {isa = PBXFileReference; fileEncoding = 4; lastKnownFileType = sourcecode.c.h; path = TopView.h; sourceTree = "<group>"; };
		A76CC6841F4E9B35000615A4 /* TopView.m */ = {isa = PBXFileReference; fileEncoding = 4; lastKnownFileType = sourcecode.c.objc; path = TopView.m; sourceTree = "<group>"; };
		A76CC6861F4EAEE4000615A4 /* 309769.lrc */ = {isa = PBXFileReference; fileEncoding = 4; lastKnownFileType = text; path = 309769.lrc; sourceTree = "<group>"; };
		A776282B1F4C4A2500A84CD1 /* DetailPlayControlView.h */ = {isa = PBXFileReference; fileEncoding = 4; lastKnownFileType = sourcecode.c.h; path = DetailPlayControlView.h; sourceTree = "<group>"; };
		A776282C1F4C4A2500A84CD1 /* DetailPlayControlView.m */ = {isa = PBXFileReference; fileEncoding = 4; lastKnownFileType = sourcecode.c.objc; path = DetailPlayControlView.m; sourceTree = "<group>"; };
		A7E87DD81F46C083003EA789 /* SC音乐.app */ = {isa = PBXFileReference; explicitFileType = wrapper.application; includeInIndex = 0; path = "SC音乐.app"; sourceTree = BUILT_PRODUCTS_DIR; };
		A7E87DDC1F46C083003EA789 /* main.m */ = {isa = PBXFileReference; lastKnownFileType = sourcecode.c.objc; path = main.m; sourceTree = "<group>"; };
		A7E87DDE1F46C083003EA789 /* AppDelegate.h */ = {isa = PBXFileReference; lastKnownFileType = sourcecode.c.h; path = AppDelegate.h; sourceTree = "<group>"; };
		A7E87DDF1F46C083003EA789 /* AppDelegate.m */ = {isa = PBXFileReference; lastKnownFileType = sourcecode.c.objc; path = AppDelegate.m; sourceTree = "<group>"; };
		A7E87DE11F46C083003EA789 /* ViewController.h */ = {isa = PBXFileReference; lastKnownFileType = sourcecode.c.h; path = ViewController.h; sourceTree = "<group>"; };
		A7E87DE21F46C083003EA789 /* ViewController.m */ = {isa = PBXFileReference; lastKnownFileType = sourcecode.c.objc; path = ViewController.m; sourceTree = "<group>"; };
		A7E87DE51F46C083003EA789 /* Base */ = {isa = PBXFileReference; lastKnownFileType = file.storyboard; name = Base; path = Base.lproj/Main.storyboard; sourceTree = "<group>"; };
		A7E87DE71F46C083003EA789 /* Assets.xcassets */ = {isa = PBXFileReference; lastKnownFileType = folder.assetcatalog; path = Assets.xcassets; sourceTree = "<group>"; };
		A7E87DEA1F46C083003EA789 /* Base */ = {isa = PBXFileReference; lastKnownFileType = file.storyboard; name = Base; path = Base.lproj/LaunchScreen.storyboard; sourceTree = "<group>"; };
		A7E87DEC1F46C083003EA789 /* Info.plist */ = {isa = PBXFileReference; lastKnownFileType = text.plist.xml; path = Info.plist; sourceTree = "<group>"; };
		A7E87E561F46C1BC003EA789 /* AFHTTPRequestOperation.h */ = {isa = PBXFileReference; fileEncoding = 4; lastKnownFileType = sourcecode.c.h; path = AFHTTPRequestOperation.h; sourceTree = "<group>"; };
		A7E87E571F46C1BC003EA789 /* AFHTTPRequestOperation.m */ = {isa = PBXFileReference; fileEncoding = 4; lastKnownFileType = sourcecode.c.objc; path = AFHTTPRequestOperation.m; sourceTree = "<group>"; };
		A7E87E581F46C1BC003EA789 /* AFHTTPRequestOperationManager.h */ = {isa = PBXFileReference; fileEncoding = 4; lastKnownFileType = sourcecode.c.h; path = AFHTTPRequestOperationManager.h; sourceTree = "<group>"; };
		A7E87E591F46C1BC003EA789 /* AFHTTPRequestOperationManager.m */ = {isa = PBXFileReference; fileEncoding = 4; lastKnownFileType = sourcecode.c.objc; path = AFHTTPRequestOperationManager.m; sourceTree = "<group>"; };
		A7E87E5A1F46C1BC003EA789 /* AFHTTPSessionManager.h */ = {isa = PBXFileReference; fileEncoding = 4; lastKnownFileType = sourcecode.c.h; path = AFHTTPSessionManager.h; sourceTree = "<group>"; };
		A7E87E5B1F46C1BC003EA789 /* AFHTTPSessionManager.m */ = {isa = PBXFileReference; fileEncoding = 4; lastKnownFileType = sourcecode.c.objc; path = AFHTTPSessionManager.m; sourceTree = "<group>"; };
		A7E87E5C1F46C1BC003EA789 /* AFNetworking.h */ = {isa = PBXFileReference; fileEncoding = 4; lastKnownFileType = sourcecode.c.h; path = AFNetworking.h; sourceTree = "<group>"; };
		A7E87E5D1F46C1BC003EA789 /* AFNetworkReachabilityManager.h */ = {isa = PBXFileReference; fileEncoding = 4; lastKnownFileType = sourcecode.c.h; path = AFNetworkReachabilityManager.h; sourceTree = "<group>"; };
		A7E87E5E1F46C1BC003EA789 /* AFNetworkReachabilityManager.m */ = {isa = PBXFileReference; fileEncoding = 4; lastKnownFileType = sourcecode.c.objc; path = AFNetworkReachabilityManager.m; sourceTree = "<group>"; };
		A7E87E5F1F46C1BC003EA789 /* AFSecurityPolicy.h */ = {isa = PBXFileReference; fileEncoding = 4; lastKnownFileType = sourcecode.c.h; path = AFSecurityPolicy.h; sourceTree = "<group>"; };
		A7E87E601F46C1BC003EA789 /* AFSecurityPolicy.m */ = {isa = PBXFileReference; fileEncoding = 4; lastKnownFileType = sourcecode.c.objc; path = AFSecurityPolicy.m; sourceTree = "<group>"; };
		A7E87E611F46C1BC003EA789 /* AFURLConnectionOperation.h */ = {isa = PBXFileReference; fileEncoding = 4; lastKnownFileType = sourcecode.c.h; path = AFURLConnectionOperation.h; sourceTree = "<group>"; };
		A7E87E621F46C1BC003EA789 /* AFURLConnectionOperation.m */ = {isa = PBXFileReference; fileEncoding = 4; lastKnownFileType = sourcecode.c.objc; path = AFURLConnectionOperation.m; sourceTree = "<group>"; };
		A7E87E631F46C1BC003EA789 /* AFURLRequestSerialization.h */ = {isa = PBXFileReference; fileEncoding = 4; lastKnownFileType = sourcecode.c.h; path = AFURLRequestSerialization.h; sourceTree = "<group>"; };
		A7E87E641F46C1BC003EA789 /* AFURLRequestSerialization.m */ = {isa = PBXFileReference; fileEncoding = 4; lastKnownFileType = sourcecode.c.objc; path = AFURLRequestSerialization.m; sourceTree = "<group>"; };
		A7E87E651F46C1BC003EA789 /* AFURLResponseSerialization.h */ = {isa = PBXFileReference; fileEncoding = 4; lastKnownFileType = sourcecode.c.h; path = AFURLResponseSerialization.h; sourceTree = "<group>"; };
		A7E87E661F46C1BC003EA789 /* AFURLResponseSerialization.m */ = {isa = PBXFileReference; fileEncoding = 4; lastKnownFileType = sourcecode.c.objc; path = AFURLResponseSerialization.m; sourceTree = "<group>"; };
		A7E87E671F46C1BC003EA789 /* AFURLSessionManager.h */ = {isa = PBXFileReference; fileEncoding = 4; lastKnownFileType = sourcecode.c.h; path = AFURLSessionManager.h; sourceTree = "<group>"; };
		A7E87E681F46C1BC003EA789 /* AFURLSessionManager.m */ = {isa = PBXFileReference; fileEncoding = 4; lastKnownFileType = sourcecode.c.objc; path = AFURLSessionManager.m; sourceTree = "<group>"; };
		A7E87EBA1F46C299003EA789 /* MJExtension.h */ = {isa = PBXFileReference; fileEncoding = 4; lastKnownFileType = sourcecode.c.h; path = MJExtension.h; sourceTree = "<group>"; };
		A7E87EBB1F46C299003EA789 /* MJExtensionConst.h */ = {isa = PBXFileReference; fileEncoding = 4; lastKnownFileType = sourcecode.c.h; path = MJExtensionConst.h; sourceTree = "<group>"; };
		A7E87EBC1F46C299003EA789 /* MJExtensionConst.m */ = {isa = PBXFileReference; fileEncoding = 4; lastKnownFileType = sourcecode.c.objc; path = MJExtensionConst.m; sourceTree = "<group>"; };
		A7E87EBD1F46C299003EA789 /* MJFoundation.h */ = {isa = PBXFileReference; fileEncoding = 4; lastKnownFileType = sourcecode.c.h; path = MJFoundation.h; sourceTree = "<group>"; };
		A7E87EBE1F46C299003EA789 /* MJFoundation.m */ = {isa = PBXFileReference; fileEncoding = 4; lastKnownFileType = sourcecode.c.objc; path = MJFoundation.m; sourceTree = "<group>"; };
		A7E87EBF1F46C299003EA789 /* MJProperty.h */ = {isa = PBXFileReference; fileEncoding = 4; lastKnownFileType = sourcecode.c.h; path = MJProperty.h; sourceTree = "<group>"; };
		A7E87EC01F46C299003EA789 /* MJProperty.m */ = {isa = PBXFileReference; fileEncoding = 4; lastKnownFileType = sourcecode.c.objc; path = MJProperty.m; sourceTree = "<group>"; };
		A7E87EC11F46C299003EA789 /* MJPropertyKey.h */ = {isa = PBXFileReference; fileEncoding = 4; lastKnownFileType = sourcecode.c.h; path = MJPropertyKey.h; sourceTree = "<group>"; };
		A7E87EC21F46C299003EA789 /* MJPropertyKey.m */ = {isa = PBXFileReference; fileEncoding = 4; lastKnownFileType = sourcecode.c.objc; path = MJPropertyKey.m; sourceTree = "<group>"; };
		A7E87EC31F46C299003EA789 /* MJPropertyType.h */ = {isa = PBXFileReference; fileEncoding = 4; lastKnownFileType = sourcecode.c.h; path = MJPropertyType.h; sourceTree = "<group>"; };
		A7E87EC41F46C299003EA789 /* MJPropertyType.m */ = {isa = PBXFileReference; fileEncoding = 4; lastKnownFileType = sourcecode.c.objc; path = MJPropertyType.m; sourceTree = "<group>"; };
		A7E87EC51F46C299003EA789 /* NSObject+MJClass.h */ = {isa = PBXFileReference; fileEncoding = 4; lastKnownFileType = sourcecode.c.h; path = "NSObject+MJClass.h"; sourceTree = "<group>"; };
		A7E87EC61F46C299003EA789 /* NSObject+MJClass.m */ = {isa = PBXFileReference; fileEncoding = 4; lastKnownFileType = sourcecode.c.objc; path = "NSObject+MJClass.m"; sourceTree = "<group>"; };
		A7E87EC71F46C299003EA789 /* NSObject+MJCoding.h */ = {isa = PBXFileReference; fileEncoding = 4; lastKnownFileType = sourcecode.c.h; path = "NSObject+MJCoding.h"; sourceTree = "<group>"; };
		A7E87EC81F46C299003EA789 /* NSObject+MJCoding.m */ = {isa = PBXFileReference; fileEncoding = 4; lastKnownFileType = sourcecode.c.objc; path = "NSObject+MJCoding.m"; sourceTree = "<group>"; };
		A7E87EC91F46C299003EA789 /* NSObject+MJKeyValue.h */ = {isa = PBXFileReference; fileEncoding = 4; lastKnownFileType = sourcecode.c.h; path = "NSObject+MJKeyValue.h"; sourceTree = "<group>"; };
		A7E87ECA1F46C299003EA789 /* NSObject+MJKeyValue.m */ = {isa = PBXFileReference; fileEncoding = 4; lastKnownFileType = sourcecode.c.objc; path = "NSObject+MJKeyValue.m"; sourceTree = "<group>"; };
		A7E87ECB1F46C299003EA789 /* NSObject+MJProperty.h */ = {isa = PBXFileReference; fileEncoding = 4; lastKnownFileType = sourcecode.c.h; path = "NSObject+MJProperty.h"; sourceTree = "<group>"; };
		A7E87ECC1F46C299003EA789 /* NSObject+MJProperty.m */ = {isa = PBXFileReference; fileEncoding = 4; lastKnownFileType = sourcecode.c.objc; path = "NSObject+MJProperty.m"; sourceTree = "<group>"; };
		A7E87ECD1F46C299003EA789 /* NSString+MJExtension.h */ = {isa = PBXFileReference; fileEncoding = 4; lastKnownFileType = sourcecode.c.h; path = "NSString+MJExtension.h"; sourceTree = "<group>"; };
		A7E87ECE1F46C299003EA789 /* NSString+MJExtension.m */ = {isa = PBXFileReference; fileEncoding = 4; lastKnownFileType = sourcecode.c.objc; path = "NSString+MJExtension.m"; sourceTree = "<group>"; };
		A7E87EDA1F46C454003EA789 /* OMHotSongInfo.h */ = {isa = PBXFileReference; fileEncoding = 4; lastKnownFileType = sourcecode.c.h; path = OMHotSongInfo.h; sourceTree = "<group>"; };
		A7E87EDB1F46C454003EA789 /* OMHotSongInfo.m */ = {isa = PBXFileReference; fileEncoding = 4; lastKnownFileType = sourcecode.c.objc; path = OMHotSongInfo.m; sourceTree = "<group>"; };
		A7E88B501F483B39003EA789 /* NavigationViewController.h */ = {isa = PBXFileReference; fileEncoding = 4; lastKnownFileType = sourcecode.c.h; path = NavigationViewController.h; sourceTree = "<group>"; };
		A7E88B511F483B39003EA789 /* NavigationViewController.m */ = {isa = PBXFileReference; fileEncoding = 4; lastKnownFileType = sourcecode.c.objc; path = NavigationViewController.m; sourceTree = "<group>"; };
		A7E88B541F483D6C003EA789 /* Helper.h */ = {isa = PBXFileReference; fileEncoding = 4; lastKnownFileType = sourcecode.c.h; path = Helper.h; sourceTree = "<group>"; };
		A7E88B551F483D6C003EA789 /* Helper.m */ = {isa = PBXFileReference; fileEncoding = 4; lastKnownFileType = sourcecode.c.objc; path = Helper.m; sourceTree = "<group>"; };
		A7E88B571F483D6C003EA789 /* LICENSE */ = {isa = PBXFileReference; fileEncoding = 4; lastKnownFileType = text; path = LICENSE; sourceTree = "<group>"; };
		A7E88B591F483D6C003EA789 /* MASCompositeConstraint.h */ = {isa = PBXFileReference; fileEncoding = 4; lastKnownFileType = sourcecode.c.h; path = MASCompositeConstraint.h; sourceTree = "<group>"; };
		A7E88B5A1F483D6C003EA789 /* MASCompositeConstraint.m */ = {isa = PBXFileReference; fileEncoding = 4; lastKnownFileType = sourcecode.c.objc; path = MASCompositeConstraint.m; sourceTree = "<group>"; };
		A7E88B5B1F483D6C003EA789 /* MASConstraint+Private.h */ = {isa = PBXFileReference; fileEncoding = 4; lastKnownFileType = sourcecode.c.h; path = "MASConstraint+Private.h"; sourceTree = "<group>"; };
		A7E88B5C1F483D6C003EA789 /* MASConstraint.h */ = {isa = PBXFileReference; fileEncoding = 4; lastKnownFileType = sourcecode.c.h; path = MASConstraint.h; sourceTree = "<group>"; };
		A7E88B5D1F483D6C003EA789 /* MASConstraint.m */ = {isa = PBXFileReference; fileEncoding = 4; lastKnownFileType = sourcecode.c.objc; path = MASConstraint.m; sourceTree = "<group>"; };
		A7E88B5E1F483D6C003EA789 /* MASConstraintMaker.h */ = {isa = PBXFileReference; fileEncoding = 4; lastKnownFileType = sourcecode.c.h; path = MASConstraintMaker.h; sourceTree = "<group>"; };
		A7E88B5F1F483D6C003EA789 /* MASConstraintMaker.m */ = {isa = PBXFileReference; fileEncoding = 4; lastKnownFileType = sourcecode.c.objc; path = MASConstraintMaker.m; sourceTree = "<group>"; };
		A7E88B601F483D6C003EA789 /* MASLayoutConstraint.h */ = {isa = PBXFileReference; fileEncoding = 4; lastKnownFileType = sourcecode.c.h; path = MASLayoutConstraint.h; sourceTree = "<group>"; };
		A7E88B611F483D6C003EA789 /* MASLayoutConstraint.m */ = {isa = PBXFileReference; fileEncoding = 4; lastKnownFileType = sourcecode.c.objc; path = MASLayoutConstraint.m; sourceTree = "<group>"; };
		A7E88B621F483D6C003EA789 /* Masonry.h */ = {isa = PBXFileReference; fileEncoding = 4; lastKnownFileType = sourcecode.c.h; path = Masonry.h; sourceTree = "<group>"; };
		A7E88B631F483D6C003EA789 /* MASUtilities.h */ = {isa = PBXFileReference; fileEncoding = 4; lastKnownFileType = sourcecode.c.h; path = MASUtilities.h; sourceTree = "<group>"; };
		A7E88B641F483D6C003EA789 /* MASViewAttribute.h */ = {isa = PBXFileReference; fileEncoding = 4; lastKnownFileType = sourcecode.c.h; path = MASViewAttribute.h; sourceTree = "<group>"; };
		A7E88B651F483D6C003EA789 /* MASViewAttribute.m */ = {isa = PBXFileReference; fileEncoding = 4; lastKnownFileType = sourcecode.c.objc; path = MASViewAttribute.m; sourceTree = "<group>"; };
		A7E88B661F483D6C003EA789 /* MASViewConstraint.h */ = {isa = PBXFileReference; fileEncoding = 4; lastKnownFileType = sourcecode.c.h; path = MASViewConstraint.h; sourceTree = "<group>"; };
		A7E88B671F483D6C003EA789 /* MASViewConstraint.m */ = {isa = PBXFileReference; fileEncoding = 4; lastKnownFileType = sourcecode.c.objc; path = MASViewConstraint.m; sourceTree = "<group>"; };
		A7E88B681F483D6C003EA789 /* NSArray+MASAdditions.h */ = {isa = PBXFileReference; fileEncoding = 4; lastKnownFileType = sourcecode.c.h; path = "NSArray+MASAdditions.h"; sourceTree = "<group>"; };
		A7E88B691F483D6C003EA789 /* NSArray+MASAdditions.m */ = {isa = PBXFileReference; fileEncoding = 4; lastKnownFileType = sourcecode.c.objc; path = "NSArray+MASAdditions.m"; sourceTree = "<group>"; };
		A7E88B6A1F483D6C003EA789 /* NSArray+MASShorthandAdditions.h */ = {isa = PBXFileReference; fileEncoding = 4; lastKnownFileType = sourcecode.c.h; path = "NSArray+MASShorthandAdditions.h"; sourceTree = "<group>"; };
		A7E88B6B1F483D6C003EA789 /* NSLayoutConstraint+MASDebugAdditions.h */ = {isa = PBXFileReference; fileEncoding = 4; lastKnownFileType = sourcecode.c.h; path = "NSLayoutConstraint+MASDebugAdditions.h"; sourceTree = "<group>"; };
		A7E88B6C1F483D6C003EA789 /* NSLayoutConstraint+MASDebugAdditions.m */ = {isa = PBXFileReference; fileEncoding = 4; lastKnownFileType = sourcecode.c.objc; path = "NSLayoutConstraint+MASDebugAdditions.m"; sourceTree = "<group>"; };
		A7E88B6D1F483D6C003EA789 /* View+MASAdditions.h */ = {isa = PBXFileReference; fileEncoding = 4; lastKnownFileType = sourcecode.c.h; path = "View+MASAdditions.h"; sourceTree = "<group>"; };
		A7E88B6E1F483D6C003EA789 /* View+MASAdditions.m */ = {isa = PBXFileReference; fileEncoding = 4; lastKnownFileType = sourcecode.c.objc; path = "View+MASAdditions.m"; sourceTree = "<group>"; };
		A7E88B6F1F483D6C003EA789 /* View+MASShorthandAdditions.h */ = {isa = PBXFileReference; fileEncoding = 4; lastKnownFileType = sourcecode.c.h; path = "View+MASShorthandAdditions.h"; sourceTree = "<group>"; };
		A7E88B701F483D6C003EA789 /* ViewController+MASAdditions.h */ = {isa = PBXFileReference; fileEncoding = 4; lastKnownFileType = sourcecode.c.h; path = "ViewController+MASAdditions.h"; sourceTree = "<group>"; };
		A7E88B711F483D6C003EA789 /* ViewController+MASAdditions.m */ = {isa = PBXFileReference; fileEncoding = 4; lastKnownFileType = sourcecode.c.objc; path = "ViewController+MASAdditions.m"; sourceTree = "<group>"; };
		A7E88B721F483D6C003EA789 /* README.md */ = {isa = PBXFileReference; fileEncoding = 4; lastKnownFileType = net.daringfireball.markdown; path = README.md; sourceTree = "<group>"; };
		A7E88B731F483D6C003EA789 /* QJBigScrollView.h */ = {isa = PBXFileReference; fileEncoding = 4; lastKnownFileType = sourcecode.c.h; path = QJBigScrollView.h; sourceTree = "<group>"; };
		A7E88B741F483D6C003EA789 /* QJBigScrollView.m */ = {isa = PBXFileReference; fileEncoding = 4; lastKnownFileType = sourcecode.c.objc; path = QJBigScrollView.m; sourceTree = "<group>"; };
		A7E88B751F483D6C003EA789 /* QJsampleView.h */ = {isa = PBXFileReference; fileEncoding = 4; lastKnownFileType = sourcecode.c.h; path = QJsampleView.h; sourceTree = "<group>"; };
		A7E88B761F483D6C003EA789 /* QJsampleView.m */ = {isa = PBXFileReference; fileEncoding = 4; lastKnownFileType = sourcecode.c.objc; path = QJsampleView.m; sourceTree = "<group>"; };
		A7E88B771F483D6C003EA789 /* QJSlideButtonView.h */ = {isa = PBXFileReference; fileEncoding = 4; lastKnownFileType = sourcecode.c.h; path = QJSlideButtonView.h; sourceTree = "<group>"; };
		A7E88B781F483D6C003EA789 /* QJSlideButtonView.m */ = {isa = PBXFileReference; fileEncoding = 4; lastKnownFileType = sourcecode.c.objc; path = QJSlideButtonView.m; sourceTree = "<group>"; };
		A7E88B971F494A55003EA789 /* OMAlbumInfo.h */ = {isa = PBXFileReference; fileEncoding = 4; lastKnownFileType = sourcecode.c.h; path = OMAlbumInfo.h; sourceTree = "<group>"; };
		A7E88B981F494A55003EA789 /* OMAlbumInfo.m */ = {isa = PBXFileReference; fileEncoding = 4; lastKnownFileType = sourcecode.c.objc; path = OMAlbumInfo.m; sourceTree = "<group>"; };
		A7E88B991F494A55003EA789 /* OMArtistInfo.h */ = {isa = PBXFileReference; fileEncoding = 4; lastKnownFileType = sourcecode.c.h; path = OMArtistInfo.h; sourceTree = "<group>"; };
		A7E88B9A1F494A55003EA789 /* OMArtistInfo.m */ = {isa = PBXFileReference; fileEncoding = 4; lastKnownFileType = sourcecode.c.objc; path = OMArtistInfo.m; sourceTree = "<group>"; };
		A7E88BA11F4A79A3003EA789 /* OMSongInfo.h */ = {isa = PBXFileReference; fileEncoding = 4; lastKnownFileType = sourcecode.c.h; path = OMSongInfo.h; sourceTree = "<group>"; };
		A7E88BA21F4A79A3003EA789 /* OMSongInfo.m */ = {isa = PBXFileReference; fileEncoding = 4; lastKnownFileType = sourcecode.c.objc; path = OMSongInfo.m; sourceTree = "<group>"; };
		A7E88BA41F4ABAE1003EA789 /* MusicPlayerManager.h */ = {isa = PBXFileReference; fileEncoding = 4; lastKnownFileType = sourcecode.c.h; path = MusicPlayerManager.h; sourceTree = "<group>"; };
		A7E88BA51F4ABAE1003EA789 /* MusicPlayerManager.m */ = {isa = PBXFileReference; fileEncoding = 4; lastKnownFileType = sourcecode.c.objc; path = MusicPlayerManager.m; sourceTree = "<group>"; };
		A7EB96471F4BCD050055284C /* wslAnalyzer.h */ = {isa = PBXFileReference; fileEncoding = 4; lastKnownFileType = sourcecode.c.h; path = wslAnalyzer.h; sourceTree = "<group>"; };
		A7EB96481F4BCD050055284C /* wslAnalyzer.m */ = {isa = PBXFileReference; fileEncoding = 4; lastKnownFileType = sourcecode.c.objc; path = wslAnalyzer.m; sourceTree = "<group>"; };
		A7EB96491F4BCD050055284C /* wslLrcEach.h */ = {isa = PBXFileReference; fileEncoding = 4; lastKnownFileType = sourcecode.c.h; path = wslLrcEach.h; sourceTree = "<group>"; };
		A7EB964A1F4BCD050055284C /* wslLrcEach.m */ = {isa = PBXFileReference; fileEncoding = 4; lastKnownFileType = sourcecode.c.objc; path = wslLrcEach.m; sourceTree = "<group>"; };
		A7EB96581F4BE4E20055284C /* SCImageView.h */ = {isa = PBXFileReference; fileEncoding = 4; lastKnownFileType = sourcecode.c.h; path = SCImageView.h; sourceTree = "<group>"; };
		A7EB96591F4BE4E20055284C /* SCImageView.m */ = {isa = PBXFileReference; fileEncoding = 4; lastKnownFileType = sourcecode.c.objc; path = SCImageView.m; sourceTree = "<group>"; };
/* End PBXFileReference section */

/* Begin PBXFrameworksBuildPhase section */
		A7E87DD51F46C083003EA789 /* Frameworks */ = {
			isa = PBXFrameworksBuildPhase;
			buildActionMask = 2147483647;
			files = (
			);
			runOnlyForDeploymentPostprocessing = 0;
		};
/* End PBXFrameworksBuildPhase section */

/* Begin PBXGroup section */
		A76CC66B1F4E74E7000615A4 /* SCImageView */ = {
			isa = PBXGroup;
			children = (
				A7EB96591F4BE4E20055284C /* SCImageView.m */,
				A7EB96581F4BE4E20055284C /* SCImageView.h */,
			);
			name = SCImageView;
			sourceTree = "<group>";
		};
		A76CC66C1F4E74FA000615A4 /* DetailPlayControlView */ = {
			isa = PBXGroup;
			children = (
				A76CC6761F4E7665000615A4 /* DetailPlayControlView */,
				A76CC6821F4E9AEF000615A4 /* TopView */,
				A76CC66E1F4E751F000615A4 /* BottomView */,
				A76CC66D1F4E7514000615A4 /* MidView */,
			);
			name = DetailPlayControlView;
			sourceTree = "<group>";
		};
		A76CC66D1F4E7514000615A4 /* MidView */ = {
			isa = PBXGroup;
			children = (
				A76CC6771F4E76CB000615A4 /* MidView */,
				A76CC66F1F4E7532000615A4 /* IconView */,
				A76CC67A1F4E772C000615A4 /* SCIconView.m */,
				A76CC6781F4E7702000615A4 /* LrcTableView */,
			);
			name = MidView;
			sourceTree = "<group>";
		};
		A76CC66E1F4E751F000615A4 /* BottomView */ = {
			isa = PBXGroup;
			children = (
				A76CC6701F4E7648000615A4 /* BottomView.h */,
				A76CC6711F4E7648000615A4 /* BottomView.m */,
			);
			name = BottomView;
			sourceTree = "<group>";
		};
		A76CC66F1F4E7532000615A4 /* IconView */ = {
			isa = PBXGroup;
			children = (
				A76CC6791F4E772C000615A4 /* SCIconView.h */,
			);
			name = IconView;
			sourceTree = "<group>";
		};
		A76CC6761F4E7665000615A4 /* DetailPlayControlView */ = {
			isa = PBXGroup;
			children = (
				A776282B1F4C4A2500A84CD1 /* DetailPlayControlView.h */,
				A776282C1F4C4A2500A84CD1 /* DetailPlayControlView.m */,
			);
			name = DetailPlayControlView;
			sourceTree = "<group>";
		};
		A76CC6771F4E76CB000615A4 /* MidView */ = {
			isa = PBXGroup;
			children = (
				A76CC6741F4E7653000615A4 /* MidView.h */,
				A76CC6731F4E7653000615A4 /* MidView.m */,
			);
			name = MidView;
			sourceTree = "<group>";
		};
		A76CC6781F4E7702000615A4 /* LrcTableView */ = {
			isa = PBXGroup;
			children = (
				A76CC67C1F4E7737000615A4 /* SCLrcTableView.h */,
				A76CC67D1F4E7737000615A4 /* SCLrcTableView.m */,
				A76CC67E1F4E7737000615A4 /* SCLrcTableViewCell.m */,
				A76CC67F1F4E7737000615A4 /* SCLrcTableViewCell.h */,
			);
			name = LrcTableView;
			sourceTree = "<group>";
		};
		A76CC6821F4E9AEF000615A4 /* TopView */ = {
			isa = PBXGroup;
			children = (
				A76CC6831F4E9B35000615A4 /* TopView.h */,
				A76CC6841F4E9B35000615A4 /* TopView.m */,
			);
			name = TopView;
			sourceTree = "<group>";
		};
		A7E87DCF1F46C083003EA789 = {
			isa = PBXGroup;
			children = (
				A7E87DDA1F46C083003EA789 /* SCMusic */,
				A7E87DD91F46C083003EA789 /* Products */,
			);
			sourceTree = "<group>";
		};
		A7E87DD91F46C083003EA789 /* Products */ = {
			isa = PBXGroup;
			children = (
				A7E87DD81F46C083003EA789 /* SC音乐.app */,
			);
			name = Products;
			sourceTree = "<group>";
		};
		A7E87DDA1F46C083003EA789 /* SCMusic */ = {
			isa = PBXGroup;
			children = (
				A7E87E551F46C1BC003EA789 /* AFNetworking */,
				A7E87EB81F46C299003EA789 /* MJExtension */,
				A7E88B531F483D6C003EA789 /* QJSlideView */,
				A7EB964F1F4BCD6E0055284C /* SCMusic */,
				A7E87DDB1F46C083003EA789 /* Supporting Files */,
			);
			path = SCMusic;
			sourceTree = "<group>";
		};
		A7E87DDB1F46C083003EA789 /* Supporting Files */ = {
			isa = PBXGroup;
			children = (
				A7E87DDC1F46C083003EA789 /* main.m */,
			);
			name = "Supporting Files";
			sourceTree = "<group>";
		};
		A7E87E551F46C1BC003EA789 /* AFNetworking */ = {
			isa = PBXGroup;
			children = (
				A7E87E561F46C1BC003EA789 /* AFHTTPRequestOperation.h */,
				A7E87E571F46C1BC003EA789 /* AFHTTPRequestOperation.m */,
				A7E87E581F46C1BC003EA789 /* AFHTTPRequestOperationManager.h */,
				A7E87E591F46C1BC003EA789 /* AFHTTPRequestOperationManager.m */,
				A7E87E5A1F46C1BC003EA789 /* AFHTTPSessionManager.h */,
				A7E87E5B1F46C1BC003EA789 /* AFHTTPSessionManager.m */,
				A7E87E5C1F46C1BC003EA789 /* AFNetworking.h */,
				A7E87E5D1F46C1BC003EA789 /* AFNetworkReachabilityManager.h */,
				A7E87E5E1F46C1BC003EA789 /* AFNetworkReachabilityManager.m */,
				A7E87E5F1F46C1BC003EA789 /* AFSecurityPolicy.h */,
				A7E87E601F46C1BC003EA789 /* AFSecurityPolicy.m */,
				A7E87E611F46C1BC003EA789 /* AFURLConnectionOperation.h */,
				A7E87E621F46C1BC003EA789 /* AFURLConnectionOperation.m */,
				A7E87E631F46C1BC003EA789 /* AFURLRequestSerialization.h */,
				A7E87E641F46C1BC003EA789 /* AFURLRequestSerialization.m */,
				A7E87E651F46C1BC003EA789 /* AFURLResponseSerialization.h */,
				A7E87E661F46C1BC003EA789 /* AFURLResponseSerialization.m */,
				A7E87E671F46C1BC003EA789 /* AFURLSessionManager.h */,
				A7E87E681F46C1BC003EA789 /* AFURLSessionManager.m */,
			);
			path = AFNetworking;
			sourceTree = "<group>";
		};
		A7E87EB81F46C299003EA789 /* MJExtension */ = {
			isa = PBXGroup;
			children = (
				A7E87EBA1F46C299003EA789 /* MJExtension.h */,
				A7E87EBB1F46C299003EA789 /* MJExtensionConst.h */,
				A7E87EBC1F46C299003EA789 /* MJExtensionConst.m */,
				A7E87EBD1F46C299003EA789 /* MJFoundation.h */,
				A7E87EBE1F46C299003EA789 /* MJFoundation.m */,
				A7E87EBF1F46C299003EA789 /* MJProperty.h */,
				A7E87EC01F46C299003EA789 /* MJProperty.m */,
				A7E87EC11F46C299003EA789 /* MJPropertyKey.h */,
				A7E87EC21F46C299003EA789 /* MJPropertyKey.m */,
				A7E87EC31F46C299003EA789 /* MJPropertyType.h */,
				A7E87EC41F46C299003EA789 /* MJPropertyType.m */,
				A7E87EC51F46C299003EA789 /* NSObject+MJClass.h */,
				A7E87EC61F46C299003EA789 /* NSObject+MJClass.m */,
				A7E87EC71F46C299003EA789 /* NSObject+MJCoding.h */,
				A7E87EC81F46C299003EA789 /* NSObject+MJCoding.m */,
				A7E87EC91F46C299003EA789 /* NSObject+MJKeyValue.h */,
				A7E87ECA1F46C299003EA789 /* NSObject+MJKeyValue.m */,
				A7E87ECB1F46C299003EA789 /* NSObject+MJProperty.h */,
				A7E87ECC1F46C299003EA789 /* NSObject+MJProperty.m */,
				A7E87ECD1F46C299003EA789 /* NSString+MJExtension.h */,
				A7E87ECE1F46C299003EA789 /* NSString+MJExtension.m */,
			);
			path = MJExtension;
			sourceTree = "<group>";
		};
		A7E88B041F46EA8D003EA789 /* MusicPlayerManager */ = {
			isa = PBXGroup;
			children = (
				A7E88BA41F4ABAE1003EA789 /* MusicPlayerManager.h */,
				A7E88BA51F4ABAE1003EA789 /* MusicPlayerManager.m */,
			);
			name = MusicPlayerManager;
			sourceTree = "<group>";
		};
		A7E88B531F483D6C003EA789 /* QJSlideView */ = {
			isa = PBXGroup;
			children = (
				A7E88B541F483D6C003EA789 /* Helper.h */,
				A7E88B551F483D6C003EA789 /* Helper.m */,
				A7E88B561F483D6C003EA789 /* Masonry */,
				A7E88B731F483D6C003EA789 /* QJBigScrollView.h */,
				A7E88B741F483D6C003EA789 /* QJBigScrollView.m */,
				A7E88B751F483D6C003EA789 /* QJsampleView.h */,
				A7E88B761F483D6C003EA789 /* QJsampleView.m */,
				A7E88B771F483D6C003EA789 /* QJSlideButtonView.h */,
				A7E88B781F483D6C003EA789 /* QJSlideButtonView.m */,
			);
			path = QJSlideView;
			sourceTree = "<group>";
		};
		A7E88B561F483D6C003EA789 /* Masonry */ = {
			isa = PBXGroup;
			children = (
				A7E88B571F483D6C003EA789 /* LICENSE */,
				A7E88B581F483D6C003EA789 /* Masonry */,
				A7E88B721F483D6C003EA789 /* README.md */,
			);
			path = Masonry;
			sourceTree = "<group>";
		};
		A7E88B581F483D6C003EA789 /* Masonry */ = {
			isa = PBXGroup;
			children = (
				A7E88B591F483D6C003EA789 /* MASCompositeConstraint.h */,
				A7E88B5A1F483D6C003EA789 /* MASCompositeConstraint.m */,
				A7E88B5B1F483D6C003EA789 /* MASConstraint+Private.h */,
				A7E88B5C1F483D6C003EA789 /* MASConstraint.h */,
				A7E88B5D1F483D6C003EA789 /* MASConstraint.m */,
				A7E88B5E1F483D6C003EA789 /* MASConstraintMaker.h */,
				A7E88B5F1F483D6C003EA789 /* MASConstraintMaker.m */,
				A7E88B601F483D6C003EA789 /* MASLayoutConstraint.h */,
				A7E88B611F483D6C003EA789 /* MASLayoutConstraint.m */,
				A7E88B621F483D6C003EA789 /* Masonry.h */,
				A7E88B631F483D6C003EA789 /* MASUtilities.h */,
				A7E88B641F483D6C003EA789 /* MASViewAttribute.h */,
				A7E88B651F483D6C003EA789 /* MASViewAttribute.m */,
				A7E88B661F483D6C003EA789 /* MASViewConstraint.h */,
				A7E88B671F483D6C003EA789 /* MASViewConstraint.m */,
				A7E88B681F483D6C003EA789 /* NSArray+MASAdditions.h */,
				A7E88B691F483D6C003EA789 /* NSArray+MASAdditions.m */,
				A7E88B6A1F483D6C003EA789 /* NSArray+MASShorthandAdditions.h */,
				A7E88B6B1F483D6C003EA789 /* NSLayoutConstraint+MASDebugAdditions.h */,
				A7E88B6C1F483D6C003EA789 /* NSLayoutConstraint+MASDebugAdditions.m */,
				A7E88B6D1F483D6C003EA789 /* View+MASAdditions.h */,
				A7E88B6E1F483D6C003EA789 /* View+MASAdditions.m */,
				A7E88B6F1F483D6C003EA789 /* View+MASShorthandAdditions.h */,
				A7E88B701F483D6C003EA789 /* ViewController+MASAdditions.h */,
				A7E88B711F483D6C003EA789 /* ViewController+MASAdditions.m */,
			);
			path = Masonry;
			sourceTree = "<group>";
		};
		A7E88B941F494A2E003EA789 /* Model */ = {
			isa = PBXGroup;
			children = (
				A7EB964E1F4BCD480055284C /* SongInfo */,
				A7EB964D1F4BCD1A0055284C /* LRCAnalysis */,
			);
			name = Model;
			sourceTree = "<group>";
		};
		A7EB964D1F4BCD1A0055284C /* LRCAnalysis */ = {
			isa = PBXGroup;
			children = (
				A7EB96471F4BCD050055284C /* wslAnalyzer.h */,
				A7EB96481F4BCD050055284C /* wslAnalyzer.m */,
				A7EB96491F4BCD050055284C /* wslLrcEach.h */,
				A7EB964A1F4BCD050055284C /* wslLrcEach.m */,
			);
			name = LRCAnalysis;
			sourceTree = "<group>";
		};
		A7EB964E1F4BCD480055284C /* SongInfo */ = {
			isa = PBXGroup;
			children = (
				A7E88B971F494A55003EA789 /* OMAlbumInfo.h */,
				A7E88B981F494A55003EA789 /* OMAlbumInfo.m */,
				A7E88B991F494A55003EA789 /* OMArtistInfo.h */,
				A7E88B9A1F494A55003EA789 /* OMArtistInfo.m */,
				A7E87EDA1F46C454003EA789 /* OMHotSongInfo.h */,
				A7E87EDB1F46C454003EA789 /* OMHotSongInfo.m */,
				A7E88BA11F4A79A3003EA789 /* OMSongInfo.h */,
				A7E88BA21F4A79A3003EA789 /* OMSongInfo.m */,
			);
			name = SongInfo;
			sourceTree = "<group>";
		};
		A7EB964F1F4BCD6E0055284C /* SCMusic */ = {
			isa = PBXGroup;
			children = (
				A7EB96571F4BE3910055284C /* View */,
				A7EB96501F4BCDAE0055284C /* Controller */,
				A7E88B941F494A2E003EA789 /* Model */,
				A7E88B041F46EA8D003EA789 /* MusicPlayerManager */,
				A7EB96511F4BCDCE0055284C /* Resources */,
			);
			name = SCMusic;
			sourceTree = "<group>";
		};
		A7EB96501F4BCDAE0055284C /* Controller */ = {
			isa = PBXGroup;
			children = (
				A7E88B511F483B39003EA789 /* NavigationViewController.m */,
				A7E88B501F483B39003EA789 /* NavigationViewController.h */,
				A7E87DDF1F46C083003EA789 /* AppDelegate.m */,
				A7E87DDE1F46C083003EA789 /* AppDelegate.h */,
				A7E87DE11F46C083003EA789 /* ViewController.h */,
				A7E87DE21F46C083003EA789 /* ViewController.m */,
			);
			name = Controller;
			sourceTree = "<group>";
		};
		A7EB96511F4BCDCE0055284C /* Resources */ = {
			isa = PBXGroup;
			children = (
				A76CC6861F4EAEE4000615A4 /* 309769.lrc */,
				A7E87DE41F46C083003EA789 /* Main.storyboard */,
				A7E87DE71F46C083003EA789 /* Assets.xcassets */,
				A7E87DE91F46C083003EA789 /* LaunchScreen.storyboard */,
				A7E87DEC1F46C083003EA789 /* Info.plist */,
			);
			name = Resources;
			sourceTree = "<group>";
		};
		A7EB96571F4BE3910055284C /* View */ = {
			isa = PBXGroup;
			children = (
				A76CC66C1F4E74FA000615A4 /* DetailPlayControlView */,
				A76CC66B1F4E74E7000615A4 /* SCImageView */,
			);
			name = View;
			sourceTree = "<group>";
		};
/* End PBXGroup section */

/* Begin PBXNativeTarget section */
		A7E87DD71F46C083003EA789 /* SCMusic */ = {
			isa = PBXNativeTarget;
			buildConfigurationList = A7E87DEF1F46C083003EA789 /* Build configuration list for PBXNativeTarget "SCMusic" */;
			buildPhases = (
				A7E87DD41F46C083003EA789 /* Sources */,
				A7E87DD51F46C083003EA789 /* Frameworks */,
				A7E87DD61F46C083003EA789 /* Resources */,
				A7E88AC31F46E5E1003EA789 /* Embed Frameworks */,
			);
			buildRules = (
			);
			dependencies = (
			);
			name = SCMusic;
			productName = BaiduMusic;
			productReference = A7E87DD81F46C083003EA789 /* SC音乐.app */;
			productType = "com.apple.product-type.application";
		};
/* End PBXNativeTarget section */

/* Begin PBXProject section */
		A7E87DD01F46C083003EA789 /* Project object */ = {
			isa = PBXProject;
			attributes = {
				LastUpgradeCheck = 0830;
				ORGANIZATIONNAME = "凌       陈";
				TargetAttributes = {
					A7E87DD71F46C083003EA789 = {
						CreatedOnToolsVersion = 8.3.3;
						DevelopmentTeam = PGE57W8HKE;
						LastSwiftMigration = 0830;
						ProvisioningStyle = Automatic;
					};
				};
			};
			buildConfigurationList = A7E87DD31F46C083003EA789 /* Build configuration list for PBXProject "SCMusic" */;
			compatibilityVersion = "Xcode 3.2";
			developmentRegion = English;
			hasScannedForEncodings = 0;
			knownRegions = (
				en,
				Base,
				English,
			);
			mainGroup = A7E87DCF1F46C083003EA789;
			productRefGroup = A7E87DD91F46C083003EA789 /* Products */;
			projectDirPath = "";
			projectRoot = "";
			targets = (
				A7E87DD71F46C083003EA789 /* SCMusic */,
			);
		};
/* End PBXProject section */

/* Begin PBXResourcesBuildPhase section */
		A7E87DD61F46C083003EA789 /* Resources */ = {
			isa = PBXResourcesBuildPhase;
			buildActionMask = 2147483647;
			files = (
				A7E87DEB1F46C083003EA789 /* LaunchScreen.storyboard in Resources */,
				A76CC6871F4EAEE4000615A4 /* 309769.lrc in Resources */,
				A7E87DE81F46C083003EA789 /* Assets.xcassets in Resources */,
				A7E88B7A1F483D6C003EA789 /* LICENSE in Resources */,
				A7E87DE61F46C083003EA789 /* Main.storyboard in Resources */,
			);
			runOnlyForDeploymentPostprocessing = 0;
		};
/* End PBXResourcesBuildPhase section */

/* Begin PBXSourcesBuildPhase section */
		A7E87DD41F46C083003EA789 /* Sources */ = {
			isa = PBXSourcesBuildPhase;
			buildActionMask = 2147483647;
			files = (
				A7E87E811F46C1BC003EA789 /* AFHTTPRequestOperation.m in Sources */,
				A7E88B9C1F494A55003EA789 /* OMAlbumInfo.m in Sources */,
				A7E87ED51F46C299003EA789 /* NSObject+MJClass.m in Sources */,
				A7E87DE31F46C083003EA789 /* ViewController.m in Sources */,
				A7E87ED31F46C299003EA789 /* MJPropertyKey.m in Sources */,
				A7E88B811F483D6D003EA789 /* NSArray+MASAdditions.m in Sources */,
				A7E87ED41F46C299003EA789 /* MJPropertyType.m in Sources */,
				A7E87E821F46C1BC003EA789 /* AFHTTPRequestOperationManager.m in Sources */,
				A7EB964B1F4BCD050055284C /* wslAnalyzer.m in Sources */,
				A76CC6811F4E7737000615A4 /* SCLrcTableViewCell.m in Sources */,
				A7E87ED71F46C299003EA789 /* NSObject+MJKeyValue.m in Sources */,
				A7E88B881F483D6D003EA789 /* QJSlideButtonView.m in Sources */,
				A7E87E841F46C1BC003EA789 /* AFNetworkReachabilityManager.m in Sources */,
				A7E87E881F46C1BC003EA789 /* AFURLResponseSerialization.m in Sources */,
				A776282D1F4C4A2500A84CD1 /* DetailPlayControlView.m in Sources */,
				A7E87ED81F46C299003EA789 /* NSObject+MJProperty.m in Sources */,
				A7E88B7D1F483D6C003EA789 /* MASConstraintMaker.m in Sources */,
				A7E88B831F483D6D003EA789 /* View+MASAdditions.m in Sources */,
				A7E88B841F483D6D003EA789 /* ViewController+MASAdditions.m in Sources */,
				A7E88B821F483D6D003EA789 /* NSLayoutConstraint+MASDebugAdditions.m in Sources */,
				A7E87ED61F46C299003EA789 /* NSObject+MJCoding.m in Sources */,
				A7E88B7C1F483D6C003EA789 /* MASConstraint.m in Sources */,
				A7E87E861F46C1BC003EA789 /* AFURLConnectionOperation.m in Sources */,
				A7E88B801F483D6D003EA789 /* MASViewConstraint.m in Sources */,
				A76CC6751F4E7653000615A4 /* MidView.m in Sources */,
				A76CC6721F4E7648000615A4 /* BottomView.m in Sources */,
				A76CC67B1F4E772C000615A4 /* SCIconView.m in Sources */,
				A7E87E851F46C1BC003EA789 /* AFSecurityPolicy.m in Sources */,
				A7E88B871F483D6D003EA789 /* QJsampleView.m in Sources */,
				A7E87ED01F46C299003EA789 /* MJExtensionConst.m in Sources */,
				A7E87ED91F46C299003EA789 /* NSString+MJExtension.m in Sources */,
				A7E87ED21F46C299003EA789 /* MJProperty.m in Sources */,
				A7E87E831F46C1BC003EA789 /* AFHTTPSessionManager.m in Sources */,
				A7E87E871F46C1BC003EA789 /* AFURLRequestSerialization.m in Sources */,
				A7EB964C1F4BCD050055284C /* wslLrcEach.m in Sources */,
				A7E87E891F46C1BC003EA789 /* AFURLSessionManager.m in Sources */,
				A7E88B7F1F483D6C003EA789 /* MASViewAttribute.m in Sources */,
				A7E88B9D1F494A55003EA789 /* OMArtistInfo.m in Sources */,
				A7E88BA61F4ABAE1003EA789 /* MusicPlayerManager.m in Sources */,
				A7E88B7E1F483D6C003EA789 /* MASLayoutConstraint.m in Sources */,
				A7E88BA31F4A79A3003EA789 /* OMSongInfo.m in Sources */,
				A7E88B851F483D6D003EA789 /* README.md in Sources */,
				A7E88B521F483B39003EA789 /* NavigationViewController.m in Sources */,
				A7E87DE01F46C083003EA789 /* AppDelegate.m in Sources */,
				A7E88B7B1F483D6C003EA789 /* MASCompositeConstraint.m in Sources */,
				A76CC6801F4E7737000615A4 /* SCLrcTableView.m in Sources */,
				A7E88B861F483D6D003EA789 /* QJBigScrollView.m in Sources */,
				A7E87EDC1F46C454003EA789 /* OMHotSongInfo.m in Sources */,
				A7EB965A1F4BE4E20055284C /* SCImageView.m in Sources */,
				A76CC6851F4E9B35000615A4 /* TopView.m in Sources */,
				A7E87ED11F46C299003EA789 /* MJFoundation.m in Sources */,
				A7E87DDD1F46C083003EA789 /* main.m in Sources */,
				A7E88B791F483D6C003EA789 /* Helper.m in Sources */,
			);
			runOnlyForDeploymentPostprocessing = 0;
		};
/* End PBXSourcesBuildPhase section */

/* Begin PBXVariantGroup section */
		A7E87DE41F46C083003EA789 /* Main.storyboard */ = {
			isa = PBXVariantGroup;
			children = (
				A7E87DE51F46C083003EA789 /* Base */,
			);
			name = Main.storyboard;
			sourceTree = "<group>";
		};
		A7E87DE91F46C083003EA789 /* LaunchScreen.storyboard */ = {
			isa = PBXVariantGroup;
			children = (
				A7E87DEA1F46C083003EA789 /* Base */,
			);
			name = LaunchScreen.storyboard;
			sourceTree = "<group>";
		};
/* End PBXVariantGroup section */

/* Begin XCBuildConfiguration section */
		A7E87DED1F46C083003EA789 /* Debug */ = {
			isa = XCBuildConfiguration;
			buildSettings = {
				ALWAYS_SEARCH_USER_PATHS = NO;
				CLANG_ANALYZER_NONNULL = YES;
				CLANG_ANALYZER_NUMBER_OBJECT_CONVERSION = YES_AGGRESSIVE;
				CLANG_CXX_LANGUAGE_STANDARD = "gnu++0x";
				CLANG_CXX_LIBRARY = "libc++";
				CLANG_ENABLE_MODULES = YES;
				CLANG_ENABLE_OBJC_ARC = YES;
				CLANG_WARN_BOOL_CONVERSION = YES;
				CLANG_WARN_CONSTANT_CONVERSION = YES;
				CLANG_WARN_DIRECT_OBJC_ISA_USAGE = YES_ERROR;
				CLANG_WARN_DOCUMENTATION_COMMENTS = YES;
				CLANG_WARN_EMPTY_BODY = YES;
				CLANG_WARN_ENUM_CONVERSION = YES;
				CLANG_WARN_INFINITE_RECURSION = YES;
				CLANG_WARN_INT_CONVERSION = YES;
				CLANG_WARN_OBJC_ROOT_CLASS = YES_ERROR;
				CLANG_WARN_SUSPICIOUS_MOVE = YES;
				CLANG_WARN_UNREACHABLE_CODE = YES;
				CLANG_WARN__DUPLICATE_METHOD_MATCH = YES;
				"CODE_SIGN_IDENTITY[sdk=iphoneos*]" = "iPhone Developer";
				COPY_PHASE_STRIP = NO;
				DEBUG_INFORMATION_FORMAT = dwarf;
				ENABLE_STRICT_OBJC_MSGSEND = YES;
				ENABLE_TESTABILITY = YES;
				GCC_C_LANGUAGE_STANDARD = gnu99;
				GCC_DYNAMIC_NO_PIC = NO;
				GCC_NO_COMMON_BLOCKS = YES;
				GCC_OPTIMIZATION_LEVEL = 0;
				GCC_PREPROCESSOR_DEFINITIONS = (
					"DEBUG=1",
					"$(inherited)",
				);
				GCC_WARN_64_TO_32_BIT_CONVERSION = YES;
				GCC_WARN_ABOUT_RETURN_TYPE = YES_ERROR;
				GCC_WARN_UNDECLARED_SELECTOR = YES;
				GCC_WARN_UNINITIALIZED_AUTOS = YES_AGGRESSIVE;
				GCC_WARN_UNUSED_FUNCTION = YES;
				GCC_WARN_UNUSED_VARIABLE = YES;
				IPHONEOS_DEPLOYMENT_TARGET = 10.3;
				MTL_ENABLE_DEBUG_INFO = YES;
				ONLY_ACTIVE_ARCH = YES;
				SDKROOT = iphoneos;
				TARGETED_DEVICE_FAMILY = "1,2";
			};
			name = Debug;
		};
		A7E87DEE1F46C083003EA789 /* Release */ = {
			isa = XCBuildConfiguration;
			buildSettings = {
				ALWAYS_SEARCH_USER_PATHS = NO;
				CLANG_ANALYZER_NONNULL = YES;
				CLANG_ANALYZER_NUMBER_OBJECT_CONVERSION = YES_AGGRESSIVE;
				CLANG_CXX_LANGUAGE_STANDARD = "gnu++0x";
				CLANG_CXX_LIBRARY = "libc++";
				CLANG_ENABLE_MODULES = YES;
				CLANG_ENABLE_OBJC_ARC = YES;
				CLANG_WARN_BOOL_CONVERSION = YES;
				CLANG_WARN_CONSTANT_CONVERSION = YES;
				CLANG_WARN_DIRECT_OBJC_ISA_USAGE = YES_ERROR;
				CLANG_WARN_DOCUMENTATION_COMMENTS = YES;
				CLANG_WARN_EMPTY_BODY = YES;
				CLANG_WARN_ENUM_CONVERSION = YES;
				CLANG_WARN_INFINITE_RECURSION = YES;
				CLANG_WARN_INT_CONVERSION = YES;
				CLANG_WARN_OBJC_ROOT_CLASS = YES_ERROR;
				CLANG_WARN_SUSPICIOUS_MOVE = YES;
				CLANG_WARN_UNREACHABLE_CODE = YES;
				CLANG_WARN__DUPLICATE_METHOD_MATCH = YES;
				"CODE_SIGN_IDENTITY[sdk=iphoneos*]" = "iPhone Developer";
				COPY_PHASE_STRIP = NO;
				DEBUG_INFORMATION_FORMAT = "dwarf-with-dsym";
				ENABLE_NS_ASSERTIONS = NO;
				ENABLE_STRICT_OBJC_MSGSEND = YES;
				GCC_C_LANGUAGE_STANDARD = gnu99;
				GCC_NO_COMMON_BLOCKS = YES;
				GCC_WARN_64_TO_32_BIT_CONVERSION = YES;
				GCC_WARN_ABOUT_RETURN_TYPE = YES_ERROR;
				GCC_WARN_UNDECLARED_SELECTOR = YES;
				GCC_WARN_UNINITIALIZED_AUTOS = YES_AGGRESSIVE;
				GCC_WARN_UNUSED_FUNCTION = YES;
				GCC_WARN_UNUSED_VARIABLE = YES;
				IPHONEOS_DEPLOYMENT_TARGET = 10.3;
				MTL_ENABLE_DEBUG_INFO = NO;
				SDKROOT = iphoneos;
				TARGETED_DEVICE_FAMILY = "1,2";
				VALIDATE_PRODUCT = YES;
			};
			name = Release;
		};
		A7E87DF01F46C083003EA789 /* Debug */ = {
			isa = XCBuildConfiguration;
			buildSettings = {
				ASSETCATALOG_COMPILER_APPICON_NAME = AppIcon;
				CLANG_ENABLE_MODULES = YES;
				DEVELOPMENT_TEAM = PGE57W8HKE;
				FRAMEWORK_SEARCH_PATHS = (
					"$(inherited)",
					"$(PROJECT_DIR)/BaiduMusic",
					"$(PROJECT_DIR)/BaiduMusic/PlatinumKit/Platinum/Targets/universal-apple-ios/Debug",
					"$(PROJECT_DIR)/BaiduMusic/PlatinumKit/Platinum/Targets/universal-apple-ios/Release",
					"$(PROJECT_DIR)/BaiduMusic/PlatinumKit/Platinum/Targets/universal-apple-iphoneos/Debug",
					"$(PROJECT_DIR)/BaiduMusic/PlatinumKit/Platinum/Targets/universal-apple-iphonesimulator/Debug",
					"$(PROJECT_DIR)/BaiduMusic/PlatinumKit/Platinum/Targets/universal-apple-macosx/Debug",
					"$(PROJECT_DIR)/BaiduMusic/PlatinumKit/Platinum/Targets/universal-apple-macosx/Release",
				);
				INFOPLIST_FILE = SCMusic/Info.plist;
				LD_RUNPATH_SEARCH_PATHS = "$(inherited) @executable_path/Frameworks";
				LIBRARY_SEARCH_PATHS = (
					"$(inherited)",
					"$(PROJECT_DIR)/BaiduMusic/PlatinumKit/Platinum/Build/Targets/universal-apple-macosx",
					"$(PROJECT_DIR)/BaiduMusic/PlatinumKit/Platinum/Targets/universal-apple-ios/Debug",
					"$(PROJECT_DIR)/BaiduMusic/PlatinumKit/Platinum/Targets/universal-apple-iphoneos/Debug",
					"$(PROJECT_DIR)/BaiduMusic/PlatinumKit/Platinum/Targets/universal-apple-iphonesimulator/Debug",
					"$(PROJECT_DIR)/BaiduMusic/PlatinumKit/Platinum/Targets/universal-apple-macosx/Debug",
				);
				PRODUCT_BUNDLE_IDENTIFIER = com.sc.BaiduMusic;
				PRODUCT_NAME = "SC音乐";
				SWIFT_OBJC_BRIDGING_HEADER = "BaiduMusic/MJExtension/BaiduMusic-Bridging-Header.h";
				SWIFT_OPTIMIZATION_LEVEL = "-Onone";
				SWIFT_VERSION = 3.0;
			};
			name = Debug;
		};
		A7E87DF11F46C083003EA789 /* Release */ = {
			isa = XCBuildConfiguration;
			buildSettings = {
				ASSETCATALOG_COMPILER_APPICON_NAME = AppIcon;
				CLANG_ENABLE_MODULES = YES;
				DEVELOPMENT_TEAM = PGE57W8HKE;
				FRAMEWORK_SEARCH_PATHS = (
					"$(inherited)",
					"$(PROJECT_DIR)/BaiduMusic",
					"$(PROJECT_DIR)/BaiduMusic/PlatinumKit/Platinum/Targets/universal-apple-ios/Debug",
					"$(PROJECT_DIR)/BaiduMusic/PlatinumKit/Platinum/Targets/universal-apple-ios/Release",
					"$(PROJECT_DIR)/BaiduMusic/PlatinumKit/Platinum/Targets/universal-apple-iphoneos/Debug",
					"$(PROJECT_DIR)/BaiduMusic/PlatinumKit/Platinum/Targets/universal-apple-iphonesimulator/Debug",
					"$(PROJECT_DIR)/BaiduMusic/PlatinumKit/Platinum/Targets/universal-apple-macosx/Debug",
					"$(PROJECT_DIR)/BaiduMusic/PlatinumKit/Platinum/Targets/universal-apple-macosx/Release",
				);
				INFOPLIST_FILE = SCMusic/Info.plist;
				LD_RUNPATH_SEARCH_PATHS = "$(inherited) @executable_path/Frameworks";
				LIBRARY_SEARCH_PATHS = (
					"$(inherited)",
					"$(PROJECT_DIR)/BaiduMusic/PlatinumKit/Platinum/Build/Targets/universal-apple-macosx",
					"$(PROJECT_DIR)/BaiduMusic/PlatinumKit/Platinum/Targets/universal-apple-ios/Debug",
					"$(PROJECT_DIR)/BaiduMusic/PlatinumKit/Platinum/Targets/universal-apple-iphoneos/Debug",
					"$(PROJECT_DIR)/BaiduMusic/PlatinumKit/Platinum/Targets/universal-apple-iphonesimulator/Debug",
					"$(PROJECT_DIR)/BaiduMusic/PlatinumKit/Platinum/Targets/universal-apple-macosx/Debug",
				);
				PRODUCT_BUNDLE_IDENTIFIER = com.sc.BaiduMusic;
				PRODUCT_NAME = "SC音乐";
				SWIFT_OBJC_BRIDGING_HEADER = "BaiduMusic/MJExtension/BaiduMusic-Bridging-Header.h";
				SWIFT_VERSION = 3.0;
			};
			name = Release;
		};
/* End XCBuildConfiguration section */

/* Begin XCConfigurationList section */
		A7E87DD31F46C083003EA789 /* Build configuration list for PBXProject "SCMusic" */ = {
			isa = XCConfigurationList;
			buildConfigurations = (
				A7E87DED1F46C083003EA789 /* Debug */,
				A7E87DEE1F46C083003EA789 /* Release */,
			);
			defaultConfigurationIsVisible = 0;
			defaultConfigurationName = Release;
		};
		A7E87DEF1F46C083003EA789 /* Build configuration list for PBXNativeTarget "SCMusic" */ = {
			isa = XCConfigurationList;
			buildConfigurations = (
				A7E87DF01F46C083003EA789 /* Debug */,
				A7E87DF11F46C083003EA789 /* Release */,
			);
			defaultConfigurationIsVisible = 0;
			defaultConfigurationName = Release;
		};
/* End XCConfigurationList section */
	};
	rootObject = A7E87DD01F46C083003EA789 /* Project object */;
}
